<?xml version="1.0" encoding="UTF-8" standalone="yes" ?>
<CodeBlocks_project_file>
	<FileVersion major="1" minor="6" />
	<Project>
		<Option title="evolution" />
		<Option pch_mode="2" />
		<Option compiler="gcc" />
		<Build>
			<Target title="Debug">
				<Option output="evolution" prefix_auto="1" extension_auto="1" />
				<Option working_dir="/usr/bin" />
				<Option object_output="obj/Debug/" />
				<Option type="1" />
				<Option compiler="gcc" />
				<Compiler>
					<Add option="-g" />
				</Compiler>
			</Target>
			<Target title="Release">
				<Option output="evolution" prefix_auto="1" extension_auto="1" />
				<Option working_dir="/usr/bin" />
				<Option object_output="obj/Release/" />
				<Option type="0" />
				<Option compiler="gcc" />
				<Compiler>
					<Add option="-O2" />
				</Compiler>
				<Linker>
					<Add option="-s" />
				</Linker>
			</Target>
		</Build>
		<Compiler>
			<Add option="-std=c++11" />
			<Add option="-Wall" />
			<Add directory="/usr/include" />
			<Add directory="/home/jatstudio/Projects/evolution/" />
		</Compiler>
		<ResourceCompiler>
			<Add directory="/home/jatstudio/Projects/evolution/" />
		</ResourceCompiler>
		<Linker>
			<Add library="glut" />
			<Add library="GL" />
			<Add library="GLU" />
			<Add library="Xxf86vm" />
			<Add library="IL" />
			<Add library="ILU" />
			<Add directory="/usr/lib" />
			<Add directory="/home/jatstudio/Projects/evolution/" />
		</Linker>
		<Unit filename="GL/GLee.h" />
		<Unit filename="GL/freeglut.h" />
		<Unit filename="GL/freeglut_ext.h" />
		<Unit filename="GL/freeglut_std.h" />
		<Unit filename="GL/gl.h" />
		<Unit filename="GL/gl_mangle.h" />
		<Unit filename="GL/glew.h" />
		<Unit filename="GL/glext.h" />
		<Unit filename="GL/glu.h" />
		<Unit filename="GL/glu_mangle.h" />
		<Unit filename="GL/glut.h" />
		<Unit filename="GL/glx.h" />
		<Unit filename="GL/glx_mangle.h" />
		<Unit filename="GL/glxew.h" />
		<Unit filename="GL/glxext.h" />
		<Unit filename="GL/glxint.h" />
		<Unit filename="GL/glxmd.h" />
		<Unit filename="GL/glxproto.h" />
		<Unit filename="GL/glxtokens.h" />
		<Unit filename="GL/internal/dri_interface.h" />
		<Unit filename="GL/internal/glcore.h" />
		<Unit filename="GL/math_3d.h" />
		<Unit filename="GL/wglew.h" />
		<Unit filename="IL/devil_cpp_wrapper.hpp" />
		<Unit filename="IL/il.h" />
		<Unit filename="IL/ilu.h" />
		<Unit filename="IL/ilu_region.h" />
		<Unit filename="IL/ilut.h" />
		<Unit filename="config.cpp" />
		<Unit filename="config.h" />
		<Unit filename="engine.cpp" />
		<Unit filename="engine.h" />
		<Unit filename="main.cpp" />
		<Unit filename="minini/minGlue-FatFs.h" />
		<Unit filename="minini/minGlue-ccs.h" />
		<Unit filename="minini/minGlue-efsl.h" />
		<Unit filename="minini/minGlue-ffs.h" />
		<Unit filename="minini/minGlue-mdd.h" />
		<Unit filename="minini/minGlue-stdio.h" />
		<Unit filename="minini/minGlue.h" />
		<Unit filename="minini/minIni.c">
			<Option compilerVar="CC" />
		</Unit>
		<Unit filename="minini/minIni.h" />
		<Unit filename="minini/test.c">
			<Option compilerVar="CC" />
			<Option target="Release" />
		</Unit>
		<Unit filename="minini/test2.cc">
			<Option target="Release" />
		</Unit>
		<Unit filename="minini/wxMinIni.h" />
		<Unit filename="worldgen.cpp" />
		<Unit filename="worldgen.h" />
		<Extensions>
			<envvars />
			<code_completion />
			<lib_finder disable_auto="1" />
			<debugger />
		</Extensions>
	</Project>
</CodeBlocks_project_file>
